// !$*UTF8*$!
{
	archiveVersion = 1;
	classes = {
	};
	objectVersion = 50;
	objects = {

/* Begin PBXBuildFile section */
		9F11886B240C1B1000147219 /* ArtistResponse.swift in Sources */ = {isa = PBXBuildFile; fileRef = 9F11886A240C1B1000147219 /* ArtistResponse.swift */; };
		9F11886D240C1B6100147219 /* Artist.swift in Sources */ = {isa = PBXBuildFile; fileRef = 9F11886C240C1B6100147219 /* Artist.swift */; };
		9FFC65F524059F7F004455DC /* AppDelegate.swift in Sources */ = {isa = PBXBuildFile; fileRef = 9FFC65F424059F7F004455DC /* AppDelegate.swift */; };
		9FFC65F724059F7F004455DC /* SceneDelegate.swift in Sources */ = {isa = PBXBuildFile; fileRef = 9FFC65F624059F7F004455DC /* SceneDelegate.swift */; };
		9FFC65F924059F7F004455DC /* ViewController.swift in Sources */ = {isa = PBXBuildFile; fileRef = 9FFC65F824059F7F004455DC /* ViewController.swift */; };
		9FFC65FC24059F7F004455DC /* Main.storyboard in Resources */ = {isa = PBXBuildFile; fileRef = 9FFC65FA24059F7F004455DC /* Main.storyboard */; };
		9FFC65FE24059F80004455DC /* Assets.xcassets in Resources */ = {isa = PBXBuildFile; fileRef = 9FFC65FD24059F80004455DC /* Assets.xcassets */; };
		9FFC660124059F80004455DC /* LaunchScreen.storyboard in Resources */ = {isa = PBXBuildFile; fileRef = 9FFC65FF24059F80004455DC /* LaunchScreen.storyboard */; };
		9FFC660C24059F80004455DC /* MusicByLocationTests.swift in Sources */ = {isa = PBXBuildFile; fileRef = 9FFC660B24059F80004455DC /* MusicByLocationTests.swift */; };
		9FFC661724059F80004455DC /* MusicByLocationUITests.swift in Sources */ = {isa = PBXBuildFile; fileRef = 9FFC661624059F80004455DC /* MusicByLocationUITests.swift */; };
/* End PBXBuildFile section */

/* Begin PBXContainerItemProxy section */
		9FFC660824059F80004455DC /* PBXContainerItemProxy */ = {
			isa = PBXContainerItemProxy;
			containerPortal = 9FFC65E924059F7F004455DC /* Project object */;
			proxyType = 1;
			remoteGlobalIDString = 9FFC65F024059F7F004455DC;
			remoteInfo = MusicByLocation;
		};
		9FFC661324059F80004455DC /* PBXContainerItemProxy */ = {
			isa = PBXContainerItemProxy;
			containerPortal = 9FFC65E924059F7F004455DC /* Project object */;
			proxyType = 1;
			remoteGlobalIDString = 9FFC65F024059F7F004455DC;
			remoteInfo = MusicByLocation;
		};
/* End PBXContainerItemProxy section */

/* Begin PBXFileReference section */
		9F11886A240C1B1000147219 /* ArtistResponse.swift */ = {isa = PBXFileReference; lastKnownFileType = sourcecode.swift; path = ArtistResponse.swift; sourceTree = "<group>"; };
		9F11886C240C1B6100147219 /* Artist.swift */ = {isa = PBXFileReference; lastKnownFileType = sourcecode.swift; path = Artist.swift; sourceTree = "<group>"; };
		9FFC65F124059F7F004455DC /* MusicByLocation.app */ = {isa = PBXFileReference; explicitFileType = wrapper.application; includeInIndex = 0; path = MusicByLocation.app; sourceTree = BUILT_PRODUCTS_DIR; };
		9FFC65F424059F7F004455DC /* AppDelegate.swift */ = {isa = PBXFileReference; lastKnownFileType = sourcecode.swift; path = AppDelegate.swift; sourceTree = "<group>"; };
		9FFC65F624059F7F004455DC /* SceneDelegate.swift */ = {isa = PBXFileReference; lastKnownFileType = sourcecode.swift; path = SceneDelegate.swift; sourceTree = "<group>"; };
		9FFC65F824059F7F004455DC /* ViewController.swift */ = {isa = PBXFileReference; lastKnownFileType = sourcecode.swift; path = ViewController.swift; sourceTree = "<group>"; };
		9FFC65FB24059F7F004455DC /* Base */ = {isa = PBXFileReference; lastKnownFileType = file.storyboard; name = Base; path = Base.lproj/Main.storyboard; sourceTree = "<group>"; };
		9FFC65FD24059F80004455DC /* Assets.xcassets */ = {isa = PBXFileReference; lastKnownFileType = folder.assetcatalog; path = Assets.xcassets; sourceTree = "<group>"; };
		9FFC660024059F80004455DC /* Base */ = {isa = PBXFileReference; lastKnownFileType = file.storyboard; name = Base; path = Base.lproj/LaunchScreen.storyboard; sourceTree = "<group>"; };
		9FFC660224059F80004455DC /* Info.plist */ = {isa = PBXFileReference; lastKnownFileType = text.plist.xml; path = Info.plist; sourceTree = "<group>"; };
		9FFC660724059F80004455DC /* MusicByLocationTests.xctest */ = {isa = PBXFileReference; explicitFileType = wrapper.cfbundle; includeInIndex = 0; path = MusicByLocationTests.xctest; sourceTree = BUILT_PRODUCTS_DIR; };
		9FFC660B24059F80004455DC /* MusicByLocationTests.swift */ = {isa = PBXFileReference; lastKnownFileType = sourcecode.swift; path = MusicByLocationTests.swift; sourceTree = "<group>"; };
		9FFC660D24059F80004455DC /* Info.plist */ = {isa = PBXFileReference; lastKnownFileType = text.plist.xml; path = Info.plist; sourceTree = "<group>"; };
		9FFC661224059F80004455DC /* MusicByLocationUITests.xctest */ = {isa = PBXFileReference; explicitFileType = wrapper.cfbundle; includeInIndex = 0; path = MusicByLocationUITests.xctest; sourceTree = BUILT_PRODUCTS_DIR; };
		9FFC661624059F80004455DC /* MusicByLocationUITests.swift */ = {isa = PBXFileReference; lastKnownFileType = sourcecode.swift; path = MusicByLocationUITests.swift; sourceTree = "<group>"; };
		9FFC661824059F80004455DC /* Info.plist */ = {isa = PBXFileReference; lastKnownFileType = text.plist.xml; path = Info.plist; sourceTree = "<group>"; };
/* End PBXFileReference section */

/* Begin PBXFrameworksBuildPhase section */
		9FFC65EE24059F7F004455DC /* Frameworks */ = {
			isa = PBXFrameworksBuildPhase;
			buildActionMask = 2147483647;
			files = (
			);
			runOnlyForDeploymentPostprocessing = 0;
		};
		9FFC660424059F80004455DC /* Frameworks */ = {
			isa = PBXFrameworksBuildPhase;
			buildActionMask = 2147483647;
			files = (
			);
			runOnlyForDeploymentPostprocessing = 0;
		};
		9FFC660F24059F80004455DC /* Frameworks */ = {
			isa = PBXFrameworksBuildPhase;
			buildActionMask = 2147483647;
			files = (
			);
			runOnlyForDeploymentPostprocessing = 0;
		};
/* End PBXFrameworksBuildPhase section */

/* Begin PBXGroup section */
		9FFC65E824059F7F004455DC = {
			isa = PBXGroup;
			children = (
				9FFC65F324059F7F004455DC /* MusicByLocation */,
				9FFC660A24059F80004455DC /* MusicByLocationTests */,
				9FFC661524059F80004455DC /* MusicByLocationUITests */,
				9FFC65F224059F7F004455DC /* Products */,
			);
			sourceTree = "<group>";
		};
		9FFC65F224059F7F004455DC /* Products */ = {
			isa = PBXGroup;
			children = (
				9FFC65F124059F7F004455DC /* MusicByLocation.app */,
				9FFC660724059F80004455DC /* MusicByLocationTests.xctest */,
				9FFC661224059F80004455DC /* MusicByLocationUITests.xctest */,
			);
			name = Products;
			sourceTree = "<group>";
		};
		9FFC65F324059F7F004455DC /* MusicByLocation */ = {
			isa = PBXGroup;
			children = (
				9FFC65F424059F7F004455DC /* AppDelegate.swift */,
				9FFC65F624059F7F004455DC /* SceneDelegate.swift */,
				9FFC65F824059F7F004455DC /* ViewController.swift */,
				9FFC65FA24059F7F004455DC /* Main.storyboard */,
				9FFC65FD24059F80004455DC /* Assets.xcassets */,
				9FFC65FF24059F80004455DC /* LaunchScreen.storyboard */,
				9FFC660224059F80004455DC /* Info.plist */,
				9F11886A240C1B1000147219 /* ArtistResponse.swift */,
				9F11886C240C1B6100147219 /* Artist.swift */,
			);
			path = MusicByLocation;
			sourceTree = "<group>";
		};
		9FFC660A24059F80004455DC /* MusicByLocationTests */ = {
			isa = PBXGroup;
			children = (
				9FFC660B24059F80004455DC /* MusicByLocationTests.swift */,
				9FFC660D24059F80004455DC /* Info.plist */,
			);
			path = MusicByLocationTests;
			sourceTree = "<group>";
		};
		9FFC661524059F80004455DC /* MusicByLocationUITests */ = {
			isa = PBXGroup;
			children = (
				9FFC661624059F80004455DC /* MusicByLocationUITests.swift */,
				9FFC661824059F80004455DC /* Info.plist */,
			);
			path = MusicByLocationUITests;
			sourceTree = "<group>";
		};
/* End PBXGroup section */

/* Begin PBXNativeTarget section */
		9FFC65F024059F7F004455DC /* MusicByLocation */ = {
			isa = PBXNativeTarget;
			buildConfigurationList = 9FFC661B24059F80004455DC /* Build configuration list for PBXNativeTarget "MusicByLocation" */;
			buildPhases = (
				9FFC65ED24059F7F004455DC /* Sources */,
				9FFC65EE24059F7F004455DC /* Frameworks */,
				9FFC65EF24059F7F004455DC /* Resources */,
			);
			buildRules = (
			);
			dependencies = (
			);
			name = MusicByLocation;
			productName = MusicByLocation;
			productReference = 9FFC65F124059F7F004455DC /* MusicByLocation.app */;
			productType = "com.apple.product-type.application";
		};
		9FFC660624059F80004455DC /* MusicByLocationTests */ = {
			isa = PBXNativeTarget;
			buildConfigurationList = 9FFC661E24059F80004455DC /* Build configuration list for PBXNativeTarget "MusicByLocationTests" */;
			buildPhases = (
				9FFC660324059F80004455DC /* Sources */,
				9FFC660424059F80004455DC /* Frameworks */,
				9FFC660524059F80004455DC /* Resources */,
			);
			buildRules = (
			);
			dependencies = (
				9FFC660924059F80004455DC /* PBXTargetDependency */,
			);
			name = MusicByLocationTests;
			productName = MusicByLocationTests;
			productReference = 9FFC660724059F80004455DC /* MusicByLocationTests.xctest */;
			productType = "com.apple.product-type.bundle.unit-test";
		};
		9FFC661124059F80004455DC /* MusicByLocationUITests */ = {
			isa = PBXNativeTarget;
			buildConfigurationList = 9FFC662124059F80004455DC /* Build configuration list for PBXNativeTarget "MusicByLocationUITests" */;
			buildPhases = (
				9FFC660E24059F80004455DC /* Sources */,
				9FFC660F24059F80004455DC /* Frameworks */,
				9FFC661024059F80004455DC /* Resources */,
			);
			buildRules = (
			);
			dependencies = (
				9FFC661424059F80004455DC /* PBXTargetDependency */,
			);
			name = MusicByLocationUITests;
			productName = MusicByLocationUITests;
			productReference = 9FFC661224059F80004455DC /* MusicByLocationUITests.xctest */;
			productType = "com.apple.product-type.bundle.ui-testing";
		};
/* End PBXNativeTarget section */

/* Begin PBXProject section */
		9FFC65E924059F7F004455DC /* Project object */ = {
			isa = PBXProject;
			attributes = {
				LastSwiftUpdateCheck = 1130;
				LastUpgradeCheck = 1130;
				ORGANIZATIONNAME = "Vlasto, Benedict (JDN)";
				TargetAttributes = {
					9FFC65F024059F7F004455DC = {
						CreatedOnToolsVersion = 11.3;
					};
					9FFC660624059F80004455DC = {
						CreatedOnToolsVersion = 11.3;
						TestTargetID = 9FFC65F024059F7F004455DC;
					};
					9FFC661124059F80004455DC = {
						CreatedOnToolsVersion = 11.3;
						TestTargetID = 9FFC65F024059F7F004455DC;
					};
				};
			};
			buildConfigurationList = 9FFC65EC24059F7F004455DC /* Build configuration list for PBXProject "MusicByLocation" */;
			compatibilityVersion = "Xcode 9.3";
			developmentRegion = en;
			hasScannedForEncodings = 0;
			knownRegions = (
				en,
				Base,
			);
			mainGroup = 9FFC65E824059F7F004455DC;
			productRefGroup = 9FFC65F224059F7F004455DC /* Products */;
			projectDirPath = "";
			projectRoot = "";
			targets = (
				9FFC65F024059F7F004455DC /* MusicByLocation */,
				9FFC660624059F80004455DC /* MusicByLocationTests */,
				9FFC661124059F80004455DC /* MusicByLocationUITests */,
			);
		};
/* End PBXProject section */

/* Begin PBXResourcesBuildPhase section */
		9FFC65EF24059F7F004455DC /* Resources */ = {
			isa = PBXResourcesBuildPhase;
			buildActionMask = 2147483647;
			files = (
				9FFC660124059F80004455DC /* LaunchScreen.storyboard in Resources */,
				9FFC65FE24059F80004455DC /* Assets.xcassets in Resources */,
				9FFC65FC24059F7F004455DC /* Main.storyboard in Resources */,
			);
			runOnlyForDeploymentPostprocessing = 0;
		};
		9FFC660524059F80004455DC /* Resources */ = {
			isa = PBXResourcesBuildPhase;
			buildActionMask = 2147483647;
			files = (
			);
			runOnlyForDeploymentPostprocessing = 0;
		};
		9FFC661024059F80004455DC /* Resources */ = {
			isa = PBXResourcesBuildPhase;
			buildActionMask = 2147483647;
			files = (
			);
			runOnlyForDeploymentPostprocessing = 0;
		};
/* End PBXResourcesBuildPhase section */

/* Begin PBXSourcesBuildPhase section */
		9FFC65ED24059F7F004455DC /* Sources */ = {
			isa = PBXSourcesBuildPhase;
			buildActionMask = 2147483647;
			files = (
				9FFC65F924059F7F004455DC /* ViewController.swift in Sources */,
				9F11886B240C1B1000147219 /* ArtistResponse.swift in Sources */,
				9FFC65F524059F7F004455DC /* AppDelegate.swift in Sources */,
				9F11886D240C1B6100147219 /* Artist.swift in Sources */,
				9FFC65F724059F7F004455DC /* SceneDelegate.swift in Sources */,
			);
			runOnlyForDeploymentPostprocessing = 0;
		};
		9FFC660324059F80004455DC /* Sources */ = {
			isa = PBXSourcesBuildPhase;
			buildActionMask = 2147483647;
			files = (
				9FFC660C24059F80004455DC /* MusicByLocationTests.swift in Sources */,
			);
			runOnlyForDeploymentPostprocessing = 0;
		};
		9FFC660E24059F80004455DC /* Sources */ = {
			isa = PBXSourcesBuildPhase;
			buildActionMask = 2147483647;
			files = (
				9FFC661724059F80004455DC /* MusicByLocationUITests.swift in Sources */,
			);
			runOnlyForDeploymentPostprocessing = 0;
		};
/* End PBXSourcesBuildPhase section */

/* Begin PBXTargetDependency section */
		9FFC660924059F80004455DC /* PBXTargetDependency */ = {
			isa = PBXTargetDependency;
			target = 9FFC65F024059F7F004455DC /* MusicByLocation */;
			targetProxy = 9FFC660824059F80004455DC /* PBXContainerItemProxy */;
		};
		9FFC661424059F80004455DC /* PBXTargetDependency */ = {
			isa = PBXTargetDependency;
			target = 9FFC65F024059F7F004455DC /* MusicByLocation */;
			targetProxy = 9FFC661324059F80004455DC /* PBXContainerItemProxy */;
		};
/* End PBXTargetDependency section */

/* Begin PBXVariantGroup section */
		9FFC65FA24059F7F004455DC /* Main.storyboard */ = {
			isa = PBXVariantGroup;
			children = (
				9FFC65FB24059F7F004455DC /* Base */,
			);
			name = Main.storyboard;
			sourceTree = "<group>";
		};
		9FFC65FF24059F80004455DC /* LaunchScreen.storyboard */ = {
			isa = PBXVariantGroup;
			children = (
				9FFC660024059F80004455DC /* Base */,
			);
			name = LaunchScreen.storyboard;
			sourceTree = "<group>";
		};
/* End PBXVariantGroup section */

/* Begin XCBuildConfiguration section */
		9FFC661924059F80004455DC /* Debug */ = {
			isa = XCBuildConfiguration;
			buildSettings = {
				ALWAYS_SEARCH_USER_PATHS = NO;
				CLANG_ANALYZER_NONNULL = YES;
				CLANG_ANALYZER_NUMBER_OBJECT_CONVERSION = YES_AGGRESSIVE;
				CLANG_CXX_LANGUAGE_STANDARD = "gnu++14";
				CLANG_CXX_LIBRARY = "libc++";
				CLANG_ENABLE_MODULES = YES;
				CLANG_ENABLE_OBJC_ARC = YES;
				CLANG_ENABLE_OBJC_WEAK = YES;
				CLANG_WARN_BLOCK_CAPTURE_AUTORELEASING = YES;
				CLANG_WARN_BOOL_CONVERSION = YES;
				CLANG_WARN_COMMA = YES;
				CLANG_WARN_CONSTANT_CONVERSION = YES;
				CLANG_WARN_DEPRECATED_OBJC_IMPLEMENTATIONS = YES;
				CLANG_WARN_DIRECT_OBJC_ISA_USAGE = YES_ERROR;
				CLANG_WARN_DOCUMENTATION_COMMENTS = YES;
				CLANG_WARN_EMPTY_BODY = YES;
				CLANG_WARN_ENUM_CONVERSION = YES;
				CLANG_WARN_INFINITE_RECURSION = YES;
				CLANG_WARN_INT_CONVERSION = YES;
				CLANG_WARN_NON_LITERAL_NULL_CONVERSION = YES;
				CLANG_WARN_OBJC_IMPLICIT_RETAIN_SELF = YES;
				CLANG_WARN_OBJC_LITERAL_CONVERSION = YES;
				CLANG_WARN_OBJC_ROOT_CLASS = YES_ERROR;
				CLANG_WARN_RANGE_LOOP_ANALYSIS = YES;
				CLANG_WARN_STRICT_PROTOTYPES = YES;
				CLANG_WARN_SUSPICIOUS_MOVE = YES;
				CLANG_WARN_UNGUARDED_AVAILABILITY = YES_AGGRESSIVE;
				CLANG_WARN_UNREACHABLE_CODE = YES;
				CLANG_WARN__DUPLICATE_METHOD_MATCH = YES;
				COPY_PHASE_STRIP = NO;
				DEBUG_INFORMATION_FORMAT = dwarf;
				ENABLE_STRICT_OBJC_MSGSEND = YES;
				ENABLE_TESTABILITY = YES;
				GCC_C_LANGUAGE_STANDARD = gnu11;
				GCC_DYNAMIC_NO_PIC = NO;
				GCC_NO_COMMON_BLOCKS = YES;
				GCC_OPTIMIZATION_LEVEL = 0;
				GCC_PREPROCESSOR_DEFINITIONS = (
					"DEBUG=1",
					"$(inherited)",
				);
				GCC_WARN_64_TO_32_BIT_CONVERSION = YES;
				GCC_WARN_ABOUT_RETURN_TYPE = YES_ERROR;
				GCC_WARN_UNDECLARED_SELECTOR = YES;
				GCC_WARN_UNINITIALIZED_AUTOS = YES_AGGRESSIVE;
				GCC_WARN_UNUSED_FUNCTION = YES;
				GCC_WARN_UNUSED_VARIABLE = YES;
				IPHONEOS_DEPLOYMENT_TARGET = 13.2;
				MTL_ENABLE_DEBUG_INFO = INCLUDE_SOURCE;
				MTL_FAST_MATH = YES;
				ONLY_ACTIVE_ARCH = YES;
				SDKROOT = iphoneos;
				SWIFT_ACTIVE_COMPILATION_CONDITIONS = DEBUG;
				SWIFT_OPTIMIZATION_LEVEL = "-Onone";
			};
			name = Debug;
		};
		9FFC661A24059F80004455DC /* Release */ = {
			isa = XCBuildConfiguration;
			buildSettings = {
				ALWAYS_SEARCH_USER_PATHS = NO;
				CLANG_ANALYZER_NONNULL = YES;
				CLANG_ANALYZER_NUMBER_OBJECT_CONVERSION = YES_AGGRESSIVE;
				CLANG_CXX_LANGUAGE_STANDARD = "gnu++14";
				CLANG_CXX_LIBRARY = "libc++";
				CLANG_ENABLE_MODULES = YES;
				CLANG_ENABLE_OBJC_ARC = YES;
				CLANG_ENABLE_OBJC_WEAK = YES;
				CLANG_WARN_BLOCK_CAPTURE_AUTORELEASING = YES;
				CLANG_WARN_BOOL_CONVERSION = YES;
				CLANG_WARN_COMMA = YES;
				CLANG_WARN_CONSTANT_CONVERSION = YES;
				CLANG_WARN_DEPRECATED_OBJC_IMPLEMENTATIONS = YES;
				CLANG_WARN_DIRECT_OBJC_ISA_USAGE = YES_ERROR;
				CLANG_WARN_DOCUMENTATION_COMMENTS = YES;
				CLANG_WARN_EMPTY_BODY = YES;
				CLANG_WARN_ENUM_CONVERSION = YES;
				CLANG_WARN_INFINITE_RECURSION = YES;
				CLANG_WARN_INT_CONVERSION = YES;
				CLANG_WARN_NON_LITERAL_NULL_CONVERSION = YES;
				CLANG_WARN_OBJC_IMPLICIT_RETAIN_SELF = YES;
				CLANG_WARN_OBJC_LITERAL_CONVERSION = YES;
				CLANG_WARN_OBJC_ROOT_CLASS = YES_ERROR;
				CLANG_WARN_RANGE_LOOP_ANALYSIS = YES;
				CLANG_WARN_STRICT_PROTOTYPES = YES;
				CLANG_WARN_SUSPICIOUS_MOVE = YES;
				CLANG_WARN_UNGUARDED_AVAILABILITY = YES_AGGRESSIVE;
				CLANG_WARN_UNREACHABLE_CODE = YES;
				CLANG_WARN__DUPLICATE_METHOD_MATCH = YES;
				COPY_PHASE_STRIP = NO;
				DEBUG_INFORMATION_FORMAT = "dwarf-with-dsym";
				ENABLE_NS_ASSERTIONS = NO;
				ENABLE_STRICT_OBJC_MSGSEND = YES;
				GCC_C_LANGUAGE_STANDARD = gnu11;
				GCC_NO_COMMON_BLOCKS = YES;
				GCC_WARN_64_TO_32_BIT_CONVERSION = YES;
				GCC_WARN_ABOUT_RETURN_TYPE = YES_ERROR;
				GCC_WARN_UNDECLARED_SELECTOR = YES;
				GCC_WARN_UNINITIALIZED_AUTOS = YES_AGGRESSIVE;
				GCC_WARN_UNUSED_FUNCTION = YES;
				GCC_WARN_UNUSED_VARIABLE = YES;
				IPHONEOS_DEPLOYMENT_TARGET = 13.2;
				MTL_ENABLE_DEBUG_INFO = NO;
				MTL_FAST_MATH = YES;
				SDKROOT = iphoneos;
				SWIFT_COMPILATION_MODE = wholemodule;
				SWIFT_OPTIMIZATION_LEVEL = "-O";
				VALIDATE_PRODUCT = YES;
			};
			name = Release;
		};
		9FFC661C24059F80004455DC /* Debug */ = {
			isa = XCBuildConfiguration;
			buildSettings = {
				ASSETCATALOG_COMPILER_APPICON_NAME = AppIcon;
				CODE_SIGN_STYLE = Automatic;
				INFOPLIST_FILE = MusicByLocation/Info.plist;
				LD_RUNPATH_SEARCH_PATHS = (
					"$(inherited)",
					"@executable_path/Frameworks",
				);
				PRODUCT_BUNDLE_IDENTIFIER = com.BeanVlasto.MusicByLocation;
				PRODUCT_NAME = "$(TARGET_NAME)";
				SWIFT_VERSION = 5.0;
				TARGETED_DEVICE_FAMILY = "1,2";
			};
			name = Debug;
		};
		9FFC661D24059F80004455DC /* Release */ = {
			isa = XCBuildConfiguration;
			buildSettings = {
				ASSETCATALOG_COMPILER_APPICON_NAME = AppIcon;
				CODE_SIGN_STYLE = Automatic;
				INFOPLIST_FILE = MusicByLocation/Info.plist;
				LD_RUNPATH_SEARCH_PATHS = (
					"$(inherited)",
					"@executable_path/Frameworks",
				);
				PRODUCT_BUNDLE_IDENTIFIER = com.BeanVlasto.MusicByLocation;
				PRODUCT_NAME = "$(TARGET_NAME)";
				SWIFT_VERSION = 5.0;
				TARGETED_DEVICE_FAMILY = "1,2";
			};
			name = Release;
		};
		9FFC661F24059F80004455DC /* Debug */ = {
			isa = XCBuildConfiguration;
			buildSettings = {
				ALWAYS_EMBED_SWIFT_STANDARD_LIBRARIES = YES;
				BUNDLE_LOADER = "$(TEST_HOST)";
				CODE_SIGN_STYLE = Automatic;
				INFOPLIST_FILE = MusicByLocationTests/Info.plist;
				IPHONEOS_DEPLOYMENT_TARGET = 13.2;
				LD_RUNPATH_SEARCH_PATHS = (
					"$(inherited)",
					"@executable_path/Frameworks",
					"@loader_path/Frameworks",
				);
				PRODUCT_BUNDLE_IDENTIFIER = com.BeanVlasto.MusicByLocationTests;
				PRODUCT_NAME = "$(TARGET_NAME)";
				SWIFT_VERSION = 5.0;
				TARGETED_DEVICE_FAMILY = "1,2";
				TEST_HOST = "$(BUILT_PRODUCTS_DIR)/MusicByLocation.app/MusicByLocation";
			};
			name = Debug;
		};
		9FFC662024059F80004455DC /* Release */ = {
			isa = XCBuildConfiguration;
			buildSettings = {
				ALWAYS_EMBED_SWIFT_STANDARD_LIBRARIES = YES;
				BUNDLE_LOADER = "$(TEST_HOST)";
				CODE_SIGN_STYLE = Automatic;
				INFOPLIST_FILE = MusicByLocationTests/Info.plist;
				IPHONEOS_DEPLOYMENT_TARGET = 13.2;
				LD_RUNPATH_SEARCH_PATHS = (
					"$(inherited)",
					"@executable_path/Frameworks",
					"@loader_path/Frameworks",
				);
				PRODUCT_BUNDLE_IDENTIFIER = com.BeanVlasto.MusicByLocationTests;
				PRODUCT_NAME = "$(TARGET_NAME)";
				SWIFT_VERSION = 5.0;
				TARGETED_DEVICE_FAMILY = "1,2";
				TEST_HOST = "$(BUILT_PRODUCTS_DIR)/MusicByLocation.app/MusicByLocation";
			};
			name = Release;
		};
		9FFC662224059F80004455DC /* Debug */ = {
			isa = XCBuildConfiguration;
			buildSettings = {
				ALWAYS_EMBED_SWIFT_STANDARD_LIBRARIES = YES;
				CODE_SIGN_STYLE = Automatic;
				INFOPLIST_FILE = MusicByLocationUITests/Info.plist;
				LD_RUNPATH_SEARCH_PATHS = (
					"$(inherited)",
					"@executable_path/Frameworks",
					"@loader_path/Frameworks",
				);
				PRODUCT_BUNDLE_IDENTIFIER = com.BeanVlasto.MusicByLocationUITests;
				PRODUCT_NAME = "$(TARGET_NAME)";
				SWIFT_VERSION = 5.0;
				TARGETED_DEVICE_FAMILY = "1,2";
				TEST_TARGET_NAME = MusicByLocation;
			};
			name = Debug;
		};
		9FFC662324059F80004455DC /* Release */ = {
			isa = XCBuildConfiguration;
			buildSettings = {
				ALWAYS_EMBED_SWIFT_STANDARD_LIBRARIES = YES;
				CODE_SIGN_STYLE = Automatic;
				INFOPLIST_FILE = MusicByLocationUITests/Info.plist;
				LD_RUNPATH_SEARCH_PATHS = (
					"$(inherited)",
					"@executable_path/Frameworks",
					"@loader_path/Frameworks",
				);
				PRODUCT_BUNDLE_IDENTIFIER = com.BeanVlasto.MusicByLocationUITests;
				PRODUCT_NAME = "$(TARGET_NAME)";
				SWIFT_VERSION = 5.0;
				TARGETED_DEVICE_FAMILY = "1,2";
				TEST_TARGET_NAME = MusicByLocation;
			};
			name = Release;
		};
/* End XCBuildConfiguration section */

/* Begin XCConfigurationList section */
		9FFC65EC24059F7F004455DC /* Build configuration list for PBXProject "MusicByLocation" */ = {
			isa = XCConfigurationList;
			buildConfigurations = (
				9FFC661924059F80004455DC /* Debug */,
				9FFC661A24059F80004455DC /* Release */,
			);
			defaultConfigurationIsVisible = 0;
			defaultConfigurationName = Release;
		};
		9FFC661B24059F80004455DC /* Build configuration list for PBXNativeTarget "MusicByLocation" */ = {
			isa = XCConfigurationList;
			buildConfigurations = (
				9FFC661C24059F80004455DC /* Debug */,
				9FFC661D24059F80004455DC /* Release */,
			);
			defaultConfigurationIsVisible = 0;
			defaultConfigurationName = Release;
		};
		9FFC661E24059F80004455DC /* Build configuration list for PBXNativeTarget "MusicByLocationTests" */ = {
			isa = XCConfigurationList;
			buildConfigurations = (
				9FFC661F24059F80004455DC /* Debug */,
				9FFC662024059F80004455DC /* Release */,
			);
			defaultConfigurationIsVisible = 0;
			defaultConfigurationName = Release;
		};
		9FFC662124059F80004455DC /* Build configuration list for PBXNativeTarget "MusicByLocationUITests" */ = {
			isa = XCConfigurationList;
			buildConfigurations = (
				9FFC662224059F80004455DC /* Debug */,
				9FFC662324059F80004455DC /* Release */,
			);
			defaultConfigurationIsVisible = 0;
			defaultConfigurationName = Release;
		};
/* End XCConfigurationList section */
	};
	rootObject = 9FFC65E924059F7F004455DC /* Project object */;
}
