// !$*UTF8*$!
{
	archiveVersion = 1;
	classes = {
	};
	objectVersion = 50;
	objects = {

/* Begin PBXBuildFile section */
		9FBC3AA723DF4A2100900643 /* AppDelegate.swift in Sources */ = {isa = PBXBuildFile; fileRef = 9FBC3AA623DF4A2100900643 /* AppDelegate.swift */; };
		9FBC3AA923DF4A2100900643 /* SceneDelegate.swift in Sources */ = {isa = PBXBuildFile; fileRef = 9FBC3AA823DF4A2100900643 /* SceneDelegate.swift */; };
		9FBC3AAB23DF4A2100900643 /* ViewController.swift in Sources */ = {isa = PBXBuildFile; fileRef = 9FBC3AAA23DF4A2100900643 /* ViewController.swift */; };
		9FBC3AAE23DF4A2100900643 /* Main.storyboard in Resources */ = {isa = PBXBuildFile; fileRef = 9FBC3AAC23DF4A2100900643 /* Main.storyboard */; };
		9FBC3AB023DF4A2300900643 /* Assets.xcassets in Resources */ = {isa = PBXBuildFile; fileRef = 9FBC3AAF23DF4A2300900643 /* Assets.xcassets */; };
		9FBC3AB323DF4A2300900643 /* LaunchScreen.storyboard in Resources */ = {isa = PBXBuildFile; fileRef = 9FBC3AB123DF4A2300900643 /* LaunchScreen.storyboard */; };
		9FBC3ABE23DF4A2300900643 /* VisualisingDataStructuresTests.swift in Sources */ = {isa = PBXBuildFile; fileRef = 9FBC3ABD23DF4A2300900643 /* VisualisingDataStructuresTests.swift */; };
		9FBC3AC923DF4A2300900643 /* VisualisingDataStructuresUITests.swift in Sources */ = {isa = PBXBuildFile; fileRef = 9FBC3AC823DF4A2300900643 /* VisualisingDataStructuresUITests.swift */; };
/* End PBXBuildFile section */

/* Begin PBXContainerItemProxy section */
		9FBC3ABA23DF4A2300900643 /* PBXContainerItemProxy */ = {
			isa = PBXContainerItemProxy;
			containerPortal = 9FBC3A9B23DF4A2100900643 /* Project object */;
			proxyType = 1;
			remoteGlobalIDString = 9FBC3AA223DF4A2100900643;
			remoteInfo = VisualisingDataStructures;
		};
		9FBC3AC523DF4A2300900643 /* PBXContainerItemProxy */ = {
			isa = PBXContainerItemProxy;
			containerPortal = 9FBC3A9B23DF4A2100900643 /* Project object */;
			proxyType = 1;
			remoteGlobalIDString = 9FBC3AA223DF4A2100900643;
			remoteInfo = VisualisingDataStructures;
		};
/* End PBXContainerItemProxy section */

/* Begin PBXFileReference section */
		9FBC3AA323DF4A2100900643 /* VisualisingDataStructures.app */ = {isa = PBXFileReference; explicitFileType = wrapper.application; includeInIndex = 0; path = VisualisingDataStructures.app; sourceTree = BUILT_PRODUCTS_DIR; };
		9FBC3AA623DF4A2100900643 /* AppDelegate.swift */ = {isa = PBXFileReference; lastKnownFileType = sourcecode.swift; path = AppDelegate.swift; sourceTree = "<group>"; };
		9FBC3AA823DF4A2100900643 /* SceneDelegate.swift */ = {isa = PBXFileReference; lastKnownFileType = sourcecode.swift; path = SceneDelegate.swift; sourceTree = "<group>"; };
		9FBC3AAA23DF4A2100900643 /* ViewController.swift */ = {isa = PBXFileReference; lastKnownFileType = sourcecode.swift; path = ViewController.swift; sourceTree = "<group>"; };
		9FBC3AAD23DF4A2100900643 /* Base */ = {isa = PBXFileReference; lastKnownFileType = file.storyboard; name = Base; path = Base.lproj/Main.storyboard; sourceTree = "<group>"; };
		9FBC3AAF23DF4A2300900643 /* Assets.xcassets */ = {isa = PBXFileReference; lastKnownFileType = folder.assetcatalog; path = Assets.xcassets; sourceTree = "<group>"; };
		9FBC3AB223DF4A2300900643 /* Base */ = {isa = PBXFileReference; lastKnownFileType = file.storyboard; name = Base; path = Base.lproj/LaunchScreen.storyboard; sourceTree = "<group>"; };
		9FBC3AB423DF4A2300900643 /* Info.plist */ = {isa = PBXFileReference; lastKnownFileType = text.plist.xml; path = Info.plist; sourceTree = "<group>"; };
		9FBC3AB923DF4A2300900643 /* VisualisingDataStructuresTests.xctest */ = {isa = PBXFileReference; explicitFileType = wrapper.cfbundle; includeInIndex = 0; path = VisualisingDataStructuresTests.xctest; sourceTree = BUILT_PRODUCTS_DIR; };
		9FBC3ABD23DF4A2300900643 /* VisualisingDataStructuresTests.swift */ = {isa = PBXFileReference; lastKnownFileType = sourcecode.swift; path = VisualisingDataStructuresTests.swift; sourceTree = "<group>"; };
		9FBC3ABF23DF4A2300900643 /* Info.plist */ = {isa = PBXFileReference; lastKnownFileType = text.plist.xml; path = Info.plist; sourceTree = "<group>"; };
		9FBC3AC423DF4A2300900643 /* VisualisingDataStructuresUITests.xctest */ = {isa = PBXFileReference; explicitFileType = wrapper.cfbundle; includeInIndex = 0; path = VisualisingDataStructuresUITests.xctest; sourceTree = BUILT_PRODUCTS_DIR; };
		9FBC3AC823DF4A2300900643 /* VisualisingDataStructuresUITests.swift */ = {isa = PBXFileReference; lastKnownFileType = sourcecode.swift; path = VisualisingDataStructuresUITests.swift; sourceTree = "<group>"; };
		9FBC3ACA23DF4A2300900643 /* Info.plist */ = {isa = PBXFileReference; lastKnownFileType = text.plist.xml; path = Info.plist; sourceTree = "<group>"; };
/* End PBXFileReference section */

/* Begin PBXFrameworksBuildPhase section */
		9FBC3AA023DF4A2100900643 /* Frameworks */ = {
			isa = PBXFrameworksBuildPhase;
			buildActionMask = 2147483647;
			files = (
			);
			runOnlyForDeploymentPostprocessing = 0;
		};
		9FBC3AB623DF4A2300900643 /* Frameworks */ = {
			isa = PBXFrameworksBuildPhase;
			buildActionMask = 2147483647;
			files = (
			);
			runOnlyForDeploymentPostprocessing = 0;
		};
		9FBC3AC123DF4A2300900643 /* Frameworks */ = {
			isa = PBXFrameworksBuildPhase;
			buildActionMask = 2147483647;
			files = (
			);
			runOnlyForDeploymentPostprocessing = 0;
		};
/* End PBXFrameworksBuildPhase section */

/* Begin PBXGroup section */
		9FBC3A9A23DF4A2100900643 = {
			isa = PBXGroup;
			children = (
				9FBC3AA523DF4A2100900643 /* VisualisingDataStructures */,
				9FBC3ABC23DF4A2300900643 /* VisualisingDataStructuresTests */,
				9FBC3AC723DF4A2300900643 /* VisualisingDataStructuresUITests */,
				9FBC3AA423DF4A2100900643 /* Products */,
			);
			sourceTree = "<group>";
		};
		9FBC3AA423DF4A2100900643 /* Products */ = {
			isa = PBXGroup;
			children = (
				9FBC3AA323DF4A2100900643 /* VisualisingDataStructures.app */,
				9FBC3AB923DF4A2300900643 /* VisualisingDataStructuresTests.xctest */,
				9FBC3AC423DF4A2300900643 /* VisualisingDataStructuresUITests.xctest */,
			);
			name = Products;
			sourceTree = "<group>";
		};
		9FBC3AA523DF4A2100900643 /* VisualisingDataStructures */ = {
			isa = PBXGroup;
			children = (
				9FBC3AA623DF4A2100900643 /* AppDelegate.swift */,
				9FBC3AA823DF4A2100900643 /* SceneDelegate.swift */,
				9FBC3AAA23DF4A2100900643 /* ViewController.swift */,
				9FBC3AAC23DF4A2100900643 /* Main.storyboard */,
				9FBC3AAF23DF4A2300900643 /* Assets.xcassets */,
				9FBC3AB123DF4A2300900643 /* LaunchScreen.storyboard */,
				9FBC3AB423DF4A2300900643 /* Info.plist */,
			);
			path = VisualisingDataStructures;
			sourceTree = "<group>";
		};
		9FBC3ABC23DF4A2300900643 /* VisualisingDataStructuresTests */ = {
			isa = PBXGroup;
			children = (
				9FBC3ABD23DF4A2300900643 /* VisualisingDataStructuresTests.swift */,
				9FBC3ABF23DF4A2300900643 /* Info.plist */,
			);
			path = VisualisingDataStructuresTests;
			sourceTree = "<group>";
		};
		9FBC3AC723DF4A2300900643 /* VisualisingDataStructuresUITests */ = {
			isa = PBXGroup;
			children = (
				9FBC3AC823DF4A2300900643 /* VisualisingDataStructuresUITests.swift */,
				9FBC3ACA23DF4A2300900643 /* Info.plist */,
			);
			path = VisualisingDataStructuresUITests;
			sourceTree = "<group>";
		};
/* End PBXGroup section */

/* Begin PBXNativeTarget section */
		9FBC3AA223DF4A2100900643 /* VisualisingDataStructures */ = {
			isa = PBXNativeTarget;
			buildConfigurationList = 9FBC3ACD23DF4A2300900643 /* Build configuration list for PBXNativeTarget "VisualisingDataStructures" */;
			buildPhases = (
				9FBC3A9F23DF4A2100900643 /* Sources */,
				9FBC3AA023DF4A2100900643 /* Frameworks */,
				9FBC3AA123DF4A2100900643 /* Resources */,
			);
			buildRules = (
			);
			dependencies = (
			);
			name = VisualisingDataStructures;
			productName = VisualisingDataStructures;
			productReference = 9FBC3AA323DF4A2100900643 /* VisualisingDataStructures.app */;
			productType = "com.apple.product-type.application";
		};
		9FBC3AB823DF4A2300900643 /* VisualisingDataStructuresTests */ = {
			isa = PBXNativeTarget;
			buildConfigurationList = 9FBC3AD023DF4A2300900643 /* Build configuration list for PBXNativeTarget "VisualisingDataStructuresTests" */;
			buildPhases = (
				9FBC3AB523DF4A2300900643 /* Sources */,
				9FBC3AB623DF4A2300900643 /* Frameworks */,
				9FBC3AB723DF4A2300900643 /* Resources */,
			);
			buildRules = (
			);
			dependencies = (
				9FBC3ABB23DF4A2300900643 /* PBXTargetDependency */,
			);
			name = VisualisingDataStructuresTests;
			productName = VisualisingDataStructuresTests;
			productReference = 9FBC3AB923DF4A2300900643 /* VisualisingDataStructuresTests.xctest */;
			productType = "com.apple.product-type.bundle.unit-test";
		};
		9FBC3AC323DF4A2300900643 /* VisualisingDataStructuresUITests */ = {
			isa = PBXNativeTarget;
			buildConfigurationList = 9FBC3AD323DF4A2300900643 /* Build configuration list for PBXNativeTarget "VisualisingDataStructuresUITests" */;
			buildPhases = (
				9FBC3AC023DF4A2300900643 /* Sources */,
				9FBC3AC123DF4A2300900643 /* Frameworks */,
				9FBC3AC223DF4A2300900643 /* Resources */,
			);
			buildRules = (
			);
			dependencies = (
				9FBC3AC623DF4A2300900643 /* PBXTargetDependency */,
			);
			name = VisualisingDataStructuresUITests;
			productName = VisualisingDataStructuresUITests;
			productReference = 9FBC3AC423DF4A2300900643 /* VisualisingDataStructuresUITests.xctest */;
			productType = "com.apple.product-type.bundle.ui-testing";
		};
/* End PBXNativeTarget section */

/* Begin PBXProject section */
		9FBC3A9B23DF4A2100900643 /* Project object */ = {
			isa = PBXProject;
			attributes = {
				LastSwiftUpdateCheck = 1130;
				LastUpgradeCheck = 1130;
				ORGANIZATIONNAME = "Vlasto, Benedict (JDN)";
				TargetAttributes = {
					9FBC3AA223DF4A2100900643 = {
						CreatedOnToolsVersion = 11.3;
					};
					9FBC3AB823DF4A2300900643 = {
						CreatedOnToolsVersion = 11.3;
						TestTargetID = 9FBC3AA223DF4A2100900643;
					};
					9FBC3AC323DF4A2300900643 = {
						CreatedOnToolsVersion = 11.3;
						TestTargetID = 9FBC3AA223DF4A2100900643;
					};
				};
			};
			buildConfigurationList = 9FBC3A9E23DF4A2100900643 /* Build configuration list for PBXProject "VisualisingDataStructures" */;
			compatibilityVersion = "Xcode 9.3";
			developmentRegion = en;
			hasScannedForEncodings = 0;
			knownRegions = (
				en,
				Base,
			);
			mainGroup = 9FBC3A9A23DF4A2100900643;
			productRefGroup = 9FBC3AA423DF4A2100900643 /* Products */;
			projectDirPath = "";
			projectRoot = "";
			targets = (
				9FBC3AA223DF4A2100900643 /* VisualisingDataStructures */,
				9FBC3AB823DF4A2300900643 /* VisualisingDataStructuresTests */,
				9FBC3AC323DF4A2300900643 /* VisualisingDataStructuresUITests */,
			);
		};
/* End PBXProject section */

/* Begin PBXResourcesBuildPhase section */
		9FBC3AA123DF4A2100900643 /* Resources */ = {
			isa = PBXResourcesBuildPhase;
			buildActionMask = 2147483647;
			files = (
				9FBC3AB323DF4A2300900643 /* LaunchScreen.storyboard in Resources */,
				9FBC3AB023DF4A2300900643 /* Assets.xcassets in Resources */,
				9FBC3AAE23DF4A2100900643 /* Main.storyboard in Resources */,
			);
			runOnlyForDeploymentPostprocessing = 0;
		};
		9FBC3AB723DF4A2300900643 /* Resources */ = {
			isa = PBXResourcesBuildPhase;
			buildActionMask = 2147483647;
			files = (
			);
			runOnlyForDeploymentPostprocessing = 0;
		};
		9FBC3AC223DF4A2300900643 /* Resources */ = {
			isa = PBXResourcesBuildPhase;
			buildActionMask = 2147483647;
			files = (
			);
			runOnlyForDeploymentPostprocessing = 0;
		};
/* End PBXResourcesBuildPhase section */

/* Begin PBXSourcesBuildPhase section */
		9FBC3A9F23DF4A2100900643 /* Sources */ = {
			isa = PBXSourcesBuildPhase;
			buildActionMask = 2147483647;
			files = (
				9FBC3AAB23DF4A2100900643 /* ViewController.swift in Sources */,
				9FBC3AA723DF4A2100900643 /* AppDelegate.swift in Sources */,
				9FBC3AA923DF4A2100900643 /* SceneDelegate.swift in Sources */,
			);
			runOnlyForDeploymentPostprocessing = 0;
		};
		9FBC3AB523DF4A2300900643 /* Sources */ = {
			isa = PBXSourcesBuildPhase;
			buildActionMask = 2147483647;
			files = (
				9FBC3ABE23DF4A2300900643 /* VisualisingDataStructuresTests.swift in Sources */,
			);
			runOnlyForDeploymentPostprocessing = 0;
		};
		9FBC3AC023DF4A2300900643 /* Sources */ = {
			isa = PBXSourcesBuildPhase;
			buildActionMask = 2147483647;
			files = (
				9FBC3AC923DF4A2300900643 /* VisualisingDataStructuresUITests.swift in Sources */,
			);
			runOnlyForDeploymentPostprocessing = 0;
		};
/* End PBXSourcesBuildPhase section */

/* Begin PBXTargetDependency section */
		9FBC3ABB23DF4A2300900643 /* PBXTargetDependency */ = {
			isa = PBXTargetDependency;
			target = 9FBC3AA223DF4A2100900643 /* VisualisingDataStructures */;
			targetProxy = 9FBC3ABA23DF4A2300900643 /* PBXContainerItemProxy */;
		};
		9FBC3AC623DF4A2300900643 /* PBXTargetDependency */ = {
			isa = PBXTargetDependency;
			target = 9FBC3AA223DF4A2100900643 /* VisualisingDataStructures */;
			targetProxy = 9FBC3AC523DF4A2300900643 /* PBXContainerItemProxy */;
		};
/* End PBXTargetDependency section */

/* Begin PBXVariantGroup section */
		9FBC3AAC23DF4A2100900643 /* Main.storyboard */ = {
			isa = PBXVariantGroup;
			children = (
				9FBC3AAD23DF4A2100900643 /* Base */,
			);
			name = Main.storyboard;
			sourceTree = "<group>";
		};
		9FBC3AB123DF4A2300900643 /* LaunchScreen.storyboard */ = {
			isa = PBXVariantGroup;
			children = (
				9FBC3AB223DF4A2300900643 /* Base */,
			);
			name = LaunchScreen.storyboard;
			sourceTree = "<group>";
		};
/* End PBXVariantGroup section */

/* Begin XCBuildConfiguration section */
		9FBC3ACB23DF4A2300900643 /* Debug */ = {
			isa = XCBuildConfiguration;
			buildSettings = {
				ALWAYS_SEARCH_USER_PATHS = NO;
				CLANG_ANALYZER_NONNULL = YES;
				CLANG_ANALYZER_NUMBER_OBJECT_CONVERSION = YES_AGGRESSIVE;
				CLANG_CXX_LANGUAGE_STANDARD = "gnu++14";
				CLANG_CXX_LIBRARY = "libc++";
				CLANG_ENABLE_MODULES = YES;
				CLANG_ENABLE_OBJC_ARC = YES;
				CLANG_ENABLE_OBJC_WEAK = YES;
				CLANG_WARN_BLOCK_CAPTURE_AUTORELEASING = YES;
				CLANG_WARN_BOOL_CONVERSION = YES;
				CLANG_WARN_COMMA = YES;
				CLANG_WARN_CONSTANT_CONVERSION = YES;
				CLANG_WARN_DEPRECATED_OBJC_IMPLEMENTATIONS = YES;
				CLANG_WARN_DIRECT_OBJC_ISA_USAGE = YES_ERROR;
				CLANG_WARN_DOCUMENTATION_COMMENTS = YES;
				CLANG_WARN_EMPTY_BODY = YES;
				CLANG_WARN_ENUM_CONVERSION = YES;
				CLANG_WARN_INFINITE_RECURSION = YES;
				CLANG_WARN_INT_CONVERSION = YES;
				CLANG_WARN_NON_LITERAL_NULL_CONVERSION = YES;
				CLANG_WARN_OBJC_IMPLICIT_RETAIN_SELF = YES;
				CLANG_WARN_OBJC_LITERAL_CONVERSION = YES;
				CLANG_WARN_OBJC_ROOT_CLASS = YES_ERROR;
				CLANG_WARN_RANGE_LOOP_ANALYSIS = YES;
				CLANG_WARN_STRICT_PROTOTYPES = YES;
				CLANG_WARN_SUSPICIOUS_MOVE = YES;
				CLANG_WARN_UNGUARDED_AVAILABILITY = YES_AGGRESSIVE;
				CLANG_WARN_UNREACHABLE_CODE = YES;
				CLANG_WARN__DUPLICATE_METHOD_MATCH = YES;
				COPY_PHASE_STRIP = NO;
				DEBUG_INFORMATION_FORMAT = dwarf;
				ENABLE_STRICT_OBJC_MSGSEND = YES;
				ENABLE_TESTABILITY = YES;
				GCC_C_LANGUAGE_STANDARD = gnu11;
				GCC_DYNAMIC_NO_PIC = NO;
				GCC_NO_COMMON_BLOCKS = YES;
				GCC_OPTIMIZATION_LEVEL = 0;
				GCC_PREPROCESSOR_DEFINITIONS = (
					"DEBUG=1",
					"$(inherited)",
				);
				GCC_WARN_64_TO_32_BIT_CONVERSION = YES;
				GCC_WARN_ABOUT_RETURN_TYPE = YES_ERROR;
				GCC_WARN_UNDECLARED_SELECTOR = YES;
				GCC_WARN_UNINITIALIZED_AUTOS = YES_AGGRESSIVE;
				GCC_WARN_UNUSED_FUNCTION = YES;
				GCC_WARN_UNUSED_VARIABLE = YES;
				IPHONEOS_DEPLOYMENT_TARGET = 13.2;
				MTL_ENABLE_DEBUG_INFO = INCLUDE_SOURCE;
				MTL_FAST_MATH = YES;
				ONLY_ACTIVE_ARCH = YES;
				SDKROOT = iphoneos;
				SWIFT_ACTIVE_COMPILATION_CONDITIONS = DEBUG;
				SWIFT_OPTIMIZATION_LEVEL = "-Onone";
			};
			name = Debug;
		};
		9FBC3ACC23DF4A2300900643 /* Release */ = {
			isa = XCBuildConfiguration;
			buildSettings = {
				ALWAYS_SEARCH_USER_PATHS = NO;
				CLANG_ANALYZER_NONNULL = YES;
				CLANG_ANALYZER_NUMBER_OBJECT_CONVERSION = YES_AGGRESSIVE;
				CLANG_CXX_LANGUAGE_STANDARD = "gnu++14";
				CLANG_CXX_LIBRARY = "libc++";
				CLANG_ENABLE_MODULES = YES;
				CLANG_ENABLE_OBJC_ARC = YES;
				CLANG_ENABLE_OBJC_WEAK = YES;
				CLANG_WARN_BLOCK_CAPTURE_AUTORELEASING = YES;
				CLANG_WARN_BOOL_CONVERSION = YES;
				CLANG_WARN_COMMA = YES;
				CLANG_WARN_CONSTANT_CONVERSION = YES;
				CLANG_WARN_DEPRECATED_OBJC_IMPLEMENTATIONS = YES;
				CLANG_WARN_DIRECT_OBJC_ISA_USAGE = YES_ERROR;
				CLANG_WARN_DOCUMENTATION_COMMENTS = YES;
				CLANG_WARN_EMPTY_BODY = YES;
				CLANG_WARN_ENUM_CONVERSION = YES;
				CLANG_WARN_INFINITE_RECURSION = YES;
				CLANG_WARN_INT_CONVERSION = YES;
				CLANG_WARN_NON_LITERAL_NULL_CONVERSION = YES;
				CLANG_WARN_OBJC_IMPLICIT_RETAIN_SELF = YES;
				CLANG_WARN_OBJC_LITERAL_CONVERSION = YES;
				CLANG_WARN_OBJC_ROOT_CLASS = YES_ERROR;
				CLANG_WARN_RANGE_LOOP_ANALYSIS = YES;
				CLANG_WARN_STRICT_PROTOTYPES = YES;
				CLANG_WARN_SUSPICIOUS_MOVE = YES;
				CLANG_WARN_UNGUARDED_AVAILABILITY = YES_AGGRESSIVE;
				CLANG_WARN_UNREACHABLE_CODE = YES;
				CLANG_WARN__DUPLICATE_METHOD_MATCH = YES;
				COPY_PHASE_STRIP = NO;
				DEBUG_INFORMATION_FORMAT = "dwarf-with-dsym";
				ENABLE_NS_ASSERTIONS = NO;
				ENABLE_STRICT_OBJC_MSGSEND = YES;
				GCC_C_LANGUAGE_STANDARD = gnu11;
				GCC_NO_COMMON_BLOCKS = YES;
				GCC_WARN_64_TO_32_BIT_CONVERSION = YES;
				GCC_WARN_ABOUT_RETURN_TYPE = YES_ERROR;
				GCC_WARN_UNDECLARED_SELECTOR = YES;
				GCC_WARN_UNINITIALIZED_AUTOS = YES_AGGRESSIVE;
				GCC_WARN_UNUSED_FUNCTION = YES;
				GCC_WARN_UNUSED_VARIABLE = YES;
				IPHONEOS_DEPLOYMENT_TARGET = 13.2;
				MTL_ENABLE_DEBUG_INFO = NO;
				MTL_FAST_MATH = YES;
				SDKROOT = iphoneos;
				SWIFT_COMPILATION_MODE = wholemodule;
				SWIFT_OPTIMIZATION_LEVEL = "-O";
				VALIDATE_PRODUCT = YES;
			};
			name = Release;
		};
		9FBC3ACE23DF4A2300900643 /* Debug */ = {
			isa = XCBuildConfiguration;
			buildSettings = {
				ASSETCATALOG_COMPILER_APPICON_NAME = AppIcon;
				CODE_SIGN_STYLE = Automatic;
				INFOPLIST_FILE = VisualisingDataStructures/Info.plist;
				LD_RUNPATH_SEARCH_PATHS = (
					"$(inherited)",
					"@executable_path/Frameworks",
				);
				PRODUCT_BUNDLE_IDENTIFIER = com.BeanVlasto.VisualisingDataStructures;
				PRODUCT_NAME = "$(TARGET_NAME)";
				SWIFT_VERSION = 5.0;
				TARGETED_DEVICE_FAMILY = "1,2";
			};
			name = Debug;
		};
		9FBC3ACF23DF4A2300900643 /* Release */ = {
			isa = XCBuildConfiguration;
			buildSettings = {
				ASSETCATALOG_COMPILER_APPICON_NAME = AppIcon;
				CODE_SIGN_STYLE = Automatic;
				INFOPLIST_FILE = VisualisingDataStructures/Info.plist;
				LD_RUNPATH_SEARCH_PATHS = (
					"$(inherited)",
					"@executable_path/Frameworks",
				);
				PRODUCT_BUNDLE_IDENTIFIER = com.BeanVlasto.VisualisingDataStructures;
				PRODUCT_NAME = "$(TARGET_NAME)";
				SWIFT_VERSION = 5.0;
				TARGETED_DEVICE_FAMILY = "1,2";
			};
			name = Release;
		};
		9FBC3AD123DF4A2300900643 /* Debug */ = {
			isa = XCBuildConfiguration;
			buildSettings = {
				ALWAYS_EMBED_SWIFT_STANDARD_LIBRARIES = YES;
				BUNDLE_LOADER = "$(TEST_HOST)";
				CODE_SIGN_STYLE = Automatic;
				INFOPLIST_FILE = VisualisingDataStructuresTests/Info.plist;
				IPHONEOS_DEPLOYMENT_TARGET = 13.2;
				LD_RUNPATH_SEARCH_PATHS = (
					"$(inherited)",
					"@executable_path/Frameworks",
					"@loader_path/Frameworks",
				);
				PRODUCT_BUNDLE_IDENTIFIER = com.BeanVlasto.VisualisingDataStructuresTests;
				PRODUCT_NAME = "$(TARGET_NAME)";
				SWIFT_VERSION = 5.0;
				TARGETED_DEVICE_FAMILY = "1,2";
				TEST_HOST = "$(BUILT_PRODUCTS_DIR)/VisualisingDataStructures.app/VisualisingDataStructures";
			};
			name = Debug;
		};
		9FBC3AD223DF4A2300900643 /* Release */ = {
			isa = XCBuildConfiguration;
			buildSettings = {
				ALWAYS_EMBED_SWIFT_STANDARD_LIBRARIES = YES;
				BUNDLE_LOADER = "$(TEST_HOST)";
				CODE_SIGN_STYLE = Automatic;
				INFOPLIST_FILE = VisualisingDataStructuresTests/Info.plist;
				IPHONEOS_DEPLOYMENT_TARGET = 13.2;
				LD_RUNPATH_SEARCH_PATHS = (
					"$(inherited)",
					"@executable_path/Frameworks",
					"@loader_path/Frameworks",
				);
				PRODUCT_BUNDLE_IDENTIFIER = com.BeanVlasto.VisualisingDataStructuresTests;
				PRODUCT_NAME = "$(TARGET_NAME)";
				SWIFT_VERSION = 5.0;
				TARGETED_DEVICE_FAMILY = "1,2";
				TEST_HOST = "$(BUILT_PRODUCTS_DIR)/VisualisingDataStructures.app/VisualisingDataStructures";
			};
			name = Release;
		};
		9FBC3AD423DF4A2300900643 /* Debug */ = {
			isa = XCBuildConfiguration;
			buildSettings = {
				ALWAYS_EMBED_SWIFT_STANDARD_LIBRARIES = YES;
				CODE_SIGN_STYLE = Automatic;
				INFOPLIST_FILE = VisualisingDataStructuresUITests/Info.plist;
				LD_RUNPATH_SEARCH_PATHS = (
					"$(inherited)",
					"@executable_path/Frameworks",
					"@loader_path/Frameworks",
				);
				PRODUCT_BUNDLE_IDENTIFIER = com.BeanVlasto.VisualisingDataStructuresUITests;
				PRODUCT_NAME = "$(TARGET_NAME)";
				SWIFT_VERSION = 5.0;
				TARGETED_DEVICE_FAMILY = "1,2";
				TEST_TARGET_NAME = VisualisingDataStructures;
			};
			name = Debug;
		};
		9FBC3AD523DF4A2300900643 /* Release */ = {
			isa = XCBuildConfiguration;
			buildSettings = {
				ALWAYS_EMBED_SWIFT_STANDARD_LIBRARIES = YES;
				CODE_SIGN_STYLE = Automatic;
				INFOPLIST_FILE = VisualisingDataStructuresUITests/Info.plist;
				LD_RUNPATH_SEARCH_PATHS = (
					"$(inherited)",
					"@executable_path/Frameworks",
					"@loader_path/Frameworks",
				);
				PRODUCT_BUNDLE_IDENTIFIER = com.BeanVlasto.VisualisingDataStructuresUITests;
				PRODUCT_NAME = "$(TARGET_NAME)";
				SWIFT_VERSION = 5.0;
				TARGETED_DEVICE_FAMILY = "1,2";
				TEST_TARGET_NAME = VisualisingDataStructures;
			};
			name = Release;
		};
/* End XCBuildConfiguration section */

/* Begin XCConfigurationList section */
		9FBC3A9E23DF4A2100900643 /* Build configuration list for PBXProject "VisualisingDataStructures" */ = {
			isa = XCConfigurationList;
			buildConfigurations = (
				9FBC3ACB23DF4A2300900643 /* Debug */,
				9FBC3ACC23DF4A2300900643 /* Release */,
			);
			defaultConfigurationIsVisible = 0;
			defaultConfigurationName = Release;
		};
		9FBC3ACD23DF4A2300900643 /* Build configuration list for PBXNativeTarget "VisualisingDataStructures" */ = {
			isa = XCConfigurationList;
			buildConfigurations = (
				9FBC3ACE23DF4A2300900643 /* Debug */,
				9FBC3ACF23DF4A2300900643 /* Release */,
			);
			defaultConfigurationIsVisible = 0;
			defaultConfigurationName = Release;
		};
		9FBC3AD023DF4A2300900643 /* Build configuration list for PBXNativeTarget "VisualisingDataStructuresTests" */ = {
			isa = XCConfigurationList;
			buildConfigurations = (
				9FBC3AD123DF4A2300900643 /* Debug */,
				9FBC3AD223DF4A2300900643 /* Release */,
			);
			defaultConfigurationIsVisible = 0;
			defaultConfigurationName = Release;
		};
		9FBC3AD323DF4A2300900643 /* Build configuration list for PBXNativeTarget "VisualisingDataStructuresUITests" */ = {
			isa = XCConfigurationList;
			buildConfigurations = (
				9FBC3AD423DF4A2300900643 /* Debug */,
				9FBC3AD523DF4A2300900643 /* Release */,
			);
			defaultConfigurationIsVisible = 0;
			defaultConfigurationName = Release;
		};
/* End XCConfigurationList section */
	};
	rootObject = 9FBC3A9B23DF4A2100900643 /* Project object */;
}
